
Microsoft Visual Studio Solution File, Format Version 12.00
# Visual Studio Version 17
VisualStudioVersion = 17.4.33205.214
MinimumVisualStudioVersion = 10.0.40219.1
Project("{888888A0-9F3D-457C-B088-3A5042F75D52}") = "Примеры использования циклов", "Примеры использования циклов.pyproj", "{6B333DDD-06AE-433F-897C-9B1E9AB2347C}"
EndProject
Global
	GlobalSection(SolutionConfigurationPlatforms) = preSolution
		Debug|Any CPU = Debug|Any CPU
		Release|Any CPU = Release|Any CPU
	EndGlobalSection
	GlobalSection(ProjectConfigurationPlatforms) = postSolution
		{6B333DDD-06AE-433F-897C-9B1E9AB2347C}.Debug|Any CPU.ActiveCfg = Debug|Any CPU
		{6B333DDD-06AE-433F-897C-9B1E9AB2347C}.Release|Any CPU.ActiveCfg = Release|Any CPU
	EndGlobalSection
	GlobalSection(SolutionProperties) = preSolution
		HideSolutionNode = FALSE
	EndGlobalSection
	GlobalSection(ExtensibilityGlobals) = postSolution
		SolutionGuid = {9DCC9520-7A17-42AC-BAA7-0F342DA9BB74}
	EndGlobalSection
EndGlobal
